alabaster==1.0.0
babel==2.17.0
certifi==2025.6.15
cfgv==3.4.0
charset-normalizer==3.4.2
click==8.2.1
distlib==0.3.9
docutils==0.21.2
filelock==3.18.0
ghp-import==2.1.0
gitdb==4.0.12
GitPython==3.1.44
identify==2.6.12
idna==3.10
imagesize==1.4.1
Jinja2==3.1.6
markdown-it-py==3.0.0
MarkupSafe==3.0.2
mdurl==0.1.2
nodeenv==1.9.1
packaging==25.0
platformdirs==4.3.8
ppmx @ file:///Users/tejtex/ppmx
pre_commit==4.2.0
prompt_toolkit==3.0.51
Pygments==2.19.1
python-dateutil==2.9.0.post0
PyYAML==6.0.2
questionary==2.1.0
requests==2.32.4
rich==14.0.0
roman-numerals-py==3.1.0
six==1.17.0
smmap==5.0.2
snowballstemmer==3.0.1
Sphinx==8.2.3
sphinxcontrib-applehelp==2.0.0
sphinxcontrib-devhelp==2.0.0
sphinxcontrib-htmlhelp==2.1.0
sphinxcontrib-jsmath==1.0.1
sphinxcontrib-qthelp==2.0.0
sphinxcontrib-serializinghtml==2.0.0
toml==0.10.2
urllib3==2.5.0
virtualenv==20.31.2
wcwidth==0.2.13
